# This file is automatically @generated by Poetry 1.7.1 and should not be changed by hand.

[[package]]
name = "attrs"
version = "23.2.0"
description = "Classes Without Boilerplate"
optional = false
python-versions = ">=3.7"
files = [
    {file = "attrs-23.2.0-py3-none-any.whl", hash = "sha256:99b87a485a5820b23b879f04c2305b44b951b502fd64be915879d77a7e8fc6f1"},
    {file = "attrs-23.2.0.tar.gz", hash = "sha256:935dc3b529c262f6cf76e50877d35a4bd3c1de194fd41f47a2b7ae8f19971f30"},
]

[package.extras]
cov = ["attrs[tests]", "coverage[toml] (>=5.3)"]
dev = ["attrs[tests]", "pre-commit"]
docs = ["furo", "myst-parser", "sphinx", "sphinx-notfound-page", "sphinxcontrib-towncrier", "towncrier", "zope-interface"]
tests = ["attrs[tests-no-zope]", "zope-interface"]
tests-mypy = ["mypy (>=1.6)", "pytest-mypy-plugins"]
tests-no-zope = ["attrs[tests-mypy]", "cloudpickle", "hypothesis", "pympler", "pytest (>=4.3.0)", "pytest-xdist[psutil]"]

[[package]]
name = "environ-config"
version = "22.1.0"
description = "Boilerplate-free configuration with env variables."
optional = false
python-versions = ">=3.7"
files = [
    {file = "environ-config-22.1.0.tar.gz", hash = "sha256:7c7dbc5601060667301e992f6f0544c01e5144c86f1b2ec0b053e322788bb602"},
    {file = "environ_config-22.1.0-py2.py3-none-any.whl", hash = "sha256:db7b36c948e6e896aa71573c3ced375f259b80901dd6cc5bfcc7f7f5d64d5cfe"},
]

[package.dependencies]
attrs = ">=17.4.0"

[package.extras]
aws = ["boto3"]
dev = ["boto3", "coverage[toml]", "furo", "moto", "pre-commit", "pytest", "sphinx"]
docs = ["furo", "sphinx"]
tests = ["coverage[toml]", "moto", "pytest"]

[metadata]
lock-version = "2.0"
python-versions = "^3.11"
content-hash = "a6daf3a7cc2f12407f8bb17dbfe5074801887cab24abfdaee4d67ba28676a1f3"
